// !$*UTF8*$!
{
	archiveVersion = 1;
	classes = {
	};
	objectVersion = 55;
	objects = {

/* Begin PBXBuildFile section */
		B8B2F4B72799C2D900A47B4B /* RemindersApp.swift in Sources */ = {isa = PBXBuildFile; fileRef = B8B2F4A72799C2D600A47B4B /* RemindersApp.swift */; };
		B8B2F4B82799C2D900A47B4B /* RemindersApp.swift in Sources */ = {isa = PBXBuildFile; fileRef = B8B2F4A72799C2D600A47B4B /* RemindersApp.swift */; };
		B8B2F4B92799C2D900A47B4B /* ContentView.swift in Sources */ = {isa = PBXBuildFile; fileRef = B8B2F4A82799C2D600A47B4B /* ContentView.swift */; };
		B8B2F4BA2799C2D900A47B4B /* ContentView.swift in Sources */ = {isa = PBXBuildFile; fileRef = B8B2F4A82799C2D600A47B4B /* ContentView.swift */; };
		B8B2F4BB2799C2D900A47B4B /* Assets.xcassets in Resources */ = {isa = PBXBuildFile; fileRef = B8B2F4A92799C2D900A47B4B /* Assets.xcassets */; };
		B8B2F4BC2799C2D900A47B4B /* Assets.xcassets in Resources */ = {isa = PBXBuildFile; fileRef = B8B2F4A92799C2D900A47B4B /* Assets.xcassets */; };
		B8B2F4C82799C39400A47B4B /* Task.swift in Sources */ = {isa = PBXBuildFile; fileRef = B8B2F4C72799C39400A47B4B /* Task.swift */; };
		B8B2F4CA2799C3F700A47B4B /* TaskPriority.swift in Sources */ = {isa = PBXBuildFile; fileRef = B8B2F4C92799C3F700A47B4B /* TaskPriority.swift */; };
		B8B2F4CC2799C44F00A47B4B /* TaskStore.swift in Sources */ = {isa = PBXBuildFile; fileRef = B8B2F4CB2799C44F00A47B4B /* TaskStore.swift */; };
		B8B2F4CD2799C83E00A47B4B /* Task.swift in Sources */ = {isa = PBXBuildFile; fileRef = B8B2F4C72799C39400A47B4B /* Task.swift */; };
		B8B2F4CE2799C83E00A47B4B /* TaskPriority.swift in Sources */ = {isa = PBXBuildFile; fileRef = B8B2F4C92799C3F700A47B4B /* TaskPriority.swift */; };
		B8B2F4CF2799C83E00A47B4B /* TaskStore.swift in Sources */ = {isa = PBXBuildFile; fileRef = B8B2F4CB2799C44F00A47B4B /* TaskStore.swift */; };
		B8B2F4D12799CE3C00A47B4B /* TaskCell.swift in Sources */ = {isa = PBXBuildFile; fileRef = B8B2F4D02799CE3C00A47B4B /* TaskCell.swift */; };
		B8B2F4D22799CE3C00A47B4B /* TaskCell.swift in Sources */ = {isa = PBXBuildFile; fileRef = B8B2F4D02799CE3C00A47B4B /* TaskCell.swift */; };
		B8B2F4D42799D0DC00A47B4B /* AddTask.swift in Sources */ = {isa = PBXBuildFile; fileRef = B8B2F4D32799D0DC00A47B4B /* AddTask.swift */; };
		B8B2F4D52799D0DC00A47B4B /* AddTask.swift in Sources */ = {isa = PBXBuildFile; fileRef = B8B2F4D32799D0DC00A47B4B /* AddTask.swift */; };
		B8D79DFB27A046740089CFD4 /* VisibleTaskPriority.swift in Sources */ = {isa = PBXBuildFile; fileRef = B8D79DFA27A046740089CFD4 /* VisibleTaskPriority.swift */; };
		B8D79DFC27A046740089CFD4 /* VisibleTaskPriority.swift in Sources */ = {isa = PBXBuildFile; fileRef = B8D79DFA27A046740089CFD4 /* VisibleTaskPriority.swift */; };
/* End PBXBuildFile section */

/* Begin PBXFileReference section */
		B8B2F4A72799C2D600A47B4B /* RemindersApp.swift */ = {isa = PBXFileReference; lastKnownFileType = sourcecode.swift; path = RemindersApp.swift; sourceTree = "<group>"; };
		B8B2F4A82799C2D600A47B4B /* ContentView.swift */ = {isa = PBXFileReference; lastKnownFileType = sourcecode.swift; path = ContentView.swift; sourceTree = "<group>"; };
		B8B2F4A92799C2D900A47B4B /* Assets.xcassets */ = {isa = PBXFileReference; lastKnownFileType = folder.assetcatalog; path = Assets.xcassets; sourceTree = "<group>"; };
		B8B2F4AE2799C2D900A47B4B /* Reminders.app */ = {isa = PBXFileReference; explicitFileType = wrapper.application; includeInIndex = 0; path = Reminders.app; sourceTree = BUILT_PRODUCTS_DIR; };
		B8B2F4B42799C2D900A47B4B /* Reminders.app */ = {isa = PBXFileReference; explicitFileType = wrapper.application; includeInIndex = 0; path = Reminders.app; sourceTree = BUILT_PRODUCTS_DIR; };
		B8B2F4B62799C2D900A47B4B /* macOS.entitlements */ = {isa = PBXFileReference; lastKnownFileType = text.plist.entitlements; path = macOS.entitlements; sourceTree = "<group>"; };
		B8B2F4C72799C39400A47B4B /* Task.swift */ = {isa = PBXFileReference; lastKnownFileType = sourcecode.swift; path = Task.swift; sourceTree = "<group>"; };
		B8B2F4C92799C3F700A47B4B /* TaskPriority.swift */ = {isa = PBXFileReference; lastKnownFileType = sourcecode.swift; path = TaskPriority.swift; sourceTree = "<group>"; };
		B8B2F4CB2799C44F00A47B4B /* TaskStore.swift */ = {isa = PBXFileReference; lastKnownFileType = sourcecode.swift; path = TaskStore.swift; sourceTree = "<group>"; };
		B8B2F4D02799CE3C00A47B4B /* TaskCell.swift */ = {isa = PBXFileReference; lastKnownFileType = sourcecode.swift; path = TaskCell.swift; sourceTree = "<group>"; };
		B8B2F4D32799D0DC00A47B4B /* AddTask.swift */ = {isa = PBXFileReference; lastKnownFileType = sourcecode.swift; path = AddTask.swift; sourceTree = "<group>"; };
		B8D79DFA27A046740089CFD4 /* VisibleTaskPriority.swift */ = {isa = PBXFileReference; lastKnownFileType = sourcecode.swift; path = VisibleTaskPriority.swift; sourceTree = "<group>"; };
/* End PBXFileReference section */

/* Begin PBXFrameworksBuildPhase section */
		B8B2F4AB2799C2D900A47B4B /* Frameworks */ = {
			isa = PBXFrameworksBuildPhase;
			buildActionMask = 2147483647;
			files = (
			);
			runOnlyForDeploymentPostprocessing = 0;
		};
		B8B2F4B12799C2D900A47B4B /* Frameworks */ = {
			isa = PBXFrameworksBuildPhase;
			buildActionMask = 2147483647;
			files = (
			);
			runOnlyForDeploymentPostprocessing = 0;
		};
/* End PBXFrameworksBuildPhase section */

/* Begin PBXGroup section */
		B8B2F4A12799C2D600A47B4B = {
			isa = PBXGroup;
			children = (
				B8B2F4A62799C2D600A47B4B /* Shared */,
				B8B2F4B52799C2D900A47B4B /* macOS */,
				B8B2F4AF2799C2D900A47B4B /* Products */,
			);
			sourceTree = "<group>";
		};
		B8B2F4A62799C2D600A47B4B /* Shared */ = {
			isa = PBXGroup;
			children = (
				B8B2F4A72799C2D600A47B4B /* RemindersApp.swift */,
				B8B2F4C62799C2FE00A47B4B /* Model */,
				B8D79DF927A0373F0089CFD4 /* ViewModels */,
				B8B2F4C52799C2F900A47B4B /* Views */,
				B8B2F4A92799C2D900A47B4B /* Assets.xcassets */,
			);
			path = Shared;
			sourceTree = "<group>";
		};
		B8B2F4AF2799C2D900A47B4B /* Products */ = {
			isa = PBXGroup;
			children = (
				B8B2F4AE2799C2D900A47B4B /* Reminders.app */,
				B8B2F4B42799C2D900A47B4B /* Reminders.app */,
			);
			name = Products;
			sourceTree = "<group>";
		};
		B8B2F4B52799C2D900A47B4B /* macOS */ = {
			isa = PBXGroup;
			children = (
				B8B2F4B62799C2D900A47B4B /* macOS.entitlements */,
			);
			path = macOS;
			sourceTree = "<group>";
		};
		B8B2F4C52799C2F900A47B4B /* Views */ = {
			isa = PBXGroup;
			children = (
				B8B2F4A82799C2D600A47B4B /* ContentView.swift */,
				B8B2F4D02799CE3C00A47B4B /* TaskCell.swift */,
				B8B2F4D32799D0DC00A47B4B /* AddTask.swift */,
			);
			path = Views;
			sourceTree = "<group>";
		};
		B8B2F4C62799C2FE00A47B4B /* Model */ = {
			isa = PBXGroup;
			children = (
				B8B2F4C72799C39400A47B4B /* Task.swift */,
				B8B2F4C92799C3F700A47B4B /* TaskPriority.swift */,
				B8D79DFA27A046740089CFD4 /* VisibleTaskPriority.swift */,
			);
			path = Model;
			sourceTree = "<group>";
		};
		B8D79DF927A0373F0089CFD4 /* ViewModels */ = {
			isa = PBXGroup;
			children = (
				B8B2F4CB2799C44F00A47B4B /* TaskStore.swift */,
			);
			path = ViewModels;
			sourceTree = "<group>";
		};
/* End PBXGroup section */

/* Begin PBXNativeTarget section */
		B8B2F4AD2799C2D900A47B4B /* Reminders (iOS) */ = {
			isa = PBXNativeTarget;
			buildConfigurationList = B8B2F4BF2799C2D900A47B4B /* Build configuration list for PBXNativeTarget "Reminders (iOS)" */;
			buildPhases = (
				B8B2F4AA2799C2D900A47B4B /* Sources */,
				B8B2F4AB2799C2D900A47B4B /* Frameworks */,
				B8B2F4AC2799C2D900A47B4B /* Resources */,
			);
			buildRules = (
			);
			dependencies = (
			);
			name = "Reminders (iOS)";
			productName = "Reminders (iOS)";
			productReference = B8B2F4AE2799C2D900A47B4B /* Reminders.app */;
			productType = "com.apple.product-type.application";
		};
		B8B2F4B32799C2D900A47B4B /* Reminders (macOS) */ = {
			isa = PBXNativeTarget;
			buildConfigurationList = B8B2F4C22799C2D900A47B4B /* Build configuration list for PBXNativeTarget "Reminders (macOS)" */;
			buildPhases = (
				B8B2F4B02799C2D900A47B4B /* Sources */,
				B8B2F4B12799C2D900A47B4B /* Frameworks */,
				B8B2F4B22799C2D900A47B4B /* Resources */,
			);
			buildRules = (
			);
			dependencies = (
			);
			name = "Reminders (macOS)";
			productName = "Reminders (macOS)";
			productReference = B8B2F4B42799C2D900A47B4B /* Reminders.app */;
			productType = "com.apple.product-type.application";
		};
/* End PBXNativeTarget section */

/* Begin PBXProject section */
		B8B2F4A22799C2D600A47B4B /* Project object */ = {
			isa = PBXProject;
			attributes = {
				BuildIndependentTargetsInParallel = 1;
				LastSwiftUpdateCheck = 1320;
				LastUpgradeCheck = 1320;
				TargetAttributes = {
					B8B2F4AD2799C2D900A47B4B = {
						CreatedOnToolsVersion = 13.2.1;
					};
					B8B2F4B32799C2D900A47B4B = {
						CreatedOnToolsVersion = 13.2.1;
					};
				};
			};
			buildConfigurationList = B8B2F4A52799C2D600A47B4B /* Build configuration list for PBXProject "Reminders" */;
			compatibilityVersion = "Xcode 13.0";
			developmentRegion = en;
			hasScannedForEncodings = 0;
			knownRegions = (
				en,
				Base,
			);
			mainGroup = B8B2F4A12799C2D600A47B4B;
			productRefGroup = B8B2F4AF2799C2D900A47B4B /* Products */;
			projectDirPath = "";
			projectRoot = "";
			targets = (
				B8B2F4AD2799C2D900A47B4B /* Reminders (iOS) */,
				B8B2F4B32799C2D900A47B4B /* Reminders (macOS) */,
			);
		};
/* End PBXProject section */

/* Begin PBXResourcesBuildPhase section */
		B8B2F4AC2799C2D900A47B4B /* Resources */ = {
			isa = PBXResourcesBuildPhase;
			buildActionMask = 2147483647;
			files = (
				B8B2F4BB2799C2D900A47B4B /* Assets.xcassets in Resources */,
			);
			runOnlyForDeploymentPostprocessing = 0;
		};
		B8B2F4B22799C2D900A47B4B /* Resources */ = {
			isa = PBXResourcesBuildPhase;
			buildActionMask = 2147483647;
			files = (
				B8B2F4BC2799C2D900A47B4B /* Assets.xcassets in Resources */,
			);
			runOnlyForDeploymentPostprocessing = 0;
		};
/* End PBXResourcesBuildPhase section */

/* Begin PBXSourcesBuildPhase section */
		B8B2F4AA2799C2D900A47B4B /* Sources */ = {
			isa = PBXSourcesBuildPhase;
			buildActionMask = 2147483647;
			files = (
				B8B2F4CC2799C44F00A47B4B /* TaskStore.swift in Sources */,
				B8B2F4B92799C2D900A47B4B /* ContentView.swift in Sources */,
				B8B2F4C82799C39400A47B4B /* Task.swift in Sources */,
				B8B2F4CA2799C3F700A47B4B /* TaskPriority.swift in Sources */,
				B8B2F4D12799CE3C00A47B4B /* TaskCell.swift in Sources */,
				B8B2F4D42799D0DC00A47B4B /* AddTask.swift in Sources */,
				B8B2F4B72799C2D900A47B4B /* RemindersApp.swift in Sources */,
				B8D79DFB27A046740089CFD4 /* VisibleTaskPriority.swift in Sources */,
			);
			runOnlyForDeploymentPostprocessing = 0;
		};
		B8B2F4B02799C2D900A47B4B /* Sources */ = {
			isa = PBXSourcesBuildPhase;
			buildActionMask = 2147483647;
			files = (
				B8B2F4CD2799C83E00A47B4B /* Task.swift in Sources */,
				B8B2F4CE2799C83E00A47B4B /* TaskPriority.swift in Sources */,
				B8B2F4CF2799C83E00A47B4B /* TaskStore.swift in Sources */,
				B8B2F4BA2799C2D900A47B4B /* ContentView.swift in Sources */,
				B8B2F4D22799CE3C00A47B4B /* TaskCell.swift in Sources */,
				B8B2F4D52799D0DC00A47B4B /* AddTask.swift in Sources */,
				B8B2F4B82799C2D900A47B4B /* RemindersApp.swift in Sources */,
				B8D79DFC27A046740089CFD4 /* VisibleTaskPriority.swift in Sources */,
			);
			runOnlyForDeploymentPostprocessing = 0;
		};
/* End PBXSourcesBuildPhase section */

/* Begin XCBuildConfiguration section */
		B8B2F4BD2799C2D900A47B4B /* Debug */ = {
			isa = XCBuildConfiguration;
			buildSettings = {
				ALWAYS_SEARCH_USER_PATHS = NO;
				CLANG_ANALYZER_NONNULL = YES;
				CLANG_ANALYZER_NUMBER_OBJECT_CONVERSION = YES_AGGRESSIVE;
				CLANG_CXX_LANGUAGE_STANDARD = "gnu++17";
				CLANG_CXX_LIBRARY = "libc++";
				CLANG_ENABLE_MODULES = YES;
				CLANG_ENABLE_OBJC_ARC = YES;
				CLANG_ENABLE_OBJC_WEAK = YES;
				CLANG_WARN_BLOCK_CAPTURE_AUTORELEASING = YES;
				CLANG_WARN_BOOL_CONVERSION = YES;
				CLANG_WARN_COMMA = YES;
				CLANG_WARN_CONSTANT_CONVERSION = YES;
				CLANG_WARN_DEPRECATED_OBJC_IMPLEMENTATIONS = YES;
				CLANG_WARN_DIRECT_OBJC_ISA_USAGE = YES_ERROR;
				CLANG_WARN_DOCUMENTATION_COMMENTS = YES;
				CLANG_WARN_EMPTY_BODY = YES;
				CLANG_WARN_ENUM_CONVERSION = YES;
				CLANG_WARN_INFINITE_RECURSION = YES;
				CLANG_WARN_INT_CONVERSION = YES;
				CLANG_WARN_NON_LITERAL_NULL_CONVERSION = YES;
				CLANG_WARN_OBJC_IMPLICIT_RETAIN_SELF = YES;
				CLANG_WARN_OBJC_LITERAL_CONVERSION = YES;
				CLANG_WARN_OBJC_ROOT_CLASS = YES_ERROR;
				CLANG_WARN_QUOTED_INCLUDE_IN_FRAMEWORK_HEADER = YES;
				CLANG_WARN_RANGE_LOOP_ANALYSIS = YES;
				CLANG_WARN_STRICT_PROTOTYPES = YES;
				CLANG_WARN_SUSPICIOUS_MOVE = YES;
				CLANG_WARN_UNGUARDED_AVAILABILITY = YES_AGGRESSIVE;
				CLANG_WARN_UNREACHABLE_CODE = YES;
				CLANG_WARN__DUPLICATE_METHOD_MATCH = YES;
				COPY_PHASE_STRIP = NO;
				DEBUG_INFORMATION_FORMAT = dwarf;
				ENABLE_STRICT_OBJC_MSGSEND = YES;
				ENABLE_TESTABILITY = YES;
				GCC_C_LANGUAGE_STANDARD = gnu11;
				GCC_DYNAMIC_NO_PIC = NO;
				GCC_NO_COMMON_BLOCKS = YES;
				GCC_OPTIMIZATION_LEVEL = 0;
				GCC_PREPROCESSOR_DEFINITIONS = (
					"DEBUG=1",
					"$(inherited)",
				);
				GCC_WARN_64_TO_32_BIT_CONVERSION = YES;
				GCC_WARN_ABOUT_RETURN_TYPE = YES_ERROR;
				GCC_WARN_UNDECLARED_SELECTOR = YES;
				GCC_WARN_UNINITIALIZED_AUTOS = YES_AGGRESSIVE;
				GCC_WARN_UNUSED_FUNCTION = YES;
				GCC_WARN_UNUSED_VARIABLE = YES;
				MTL_ENABLE_DEBUG_INFO = INCLUDE_SOURCE;
				MTL_FAST_MATH = YES;
				ONLY_ACTIVE_ARCH = YES;
				SWIFT_ACTIVE_COMPILATION_CONDITIONS = DEBUG;
				SWIFT_OPTIMIZATION_LEVEL = "-Onone";
			};
			name = Debug;
		};
		B8B2F4BE2799C2D900A47B4B /* Release */ = {
			isa = XCBuildConfiguration;
			buildSettings = {
				ALWAYS_SEARCH_USER_PATHS = NO;
				CLANG_ANALYZER_NONNULL = YES;
				CLANG_ANALYZER_NUMBER_OBJECT_CONVERSION = YES_AGGRESSIVE;
				CLANG_CXX_LANGUAGE_STANDARD = "gnu++17";
				CLANG_CXX_LIBRARY = "libc++";
				CLANG_ENABLE_MODULES = YES;
				CLANG_ENABLE_OBJC_ARC = YES;
				CLANG_ENABLE_OBJC_WEAK = YES;
				CLANG_WARN_BLOCK_CAPTURE_AUTORELEASING = YES;
				CLANG_WARN_BOOL_CONVERSION = YES;
				CLANG_WARN_COMMA = YES;
				CLANG_WARN_CONSTANT_CONVERSION = YES;
				CLANG_WARN_DEPRECATED_OBJC_IMPLEMENTATIONS = YES;
				CLANG_WARN_DIRECT_OBJC_ISA_USAGE = YES_ERROR;
				CLANG_WARN_DOCUMENTATION_COMMENTS = YES;
				CLANG_WARN_EMPTY_BODY = YES;
				CLANG_WARN_ENUM_CONVERSION = YES;
				CLANG_WARN_INFINITE_RECURSION = YES;
				CLANG_WARN_INT_CONVERSION = YES;
				CLANG_WARN_NON_LITERAL_NULL_CONVERSION = YES;
				CLANG_WARN_OBJC_IMPLICIT_RETAIN_SELF = YES;
				CLANG_WARN_OBJC_LITERAL_CONVERSION = YES;
				CLANG_WARN_OBJC_ROOT_CLASS = YES_ERROR;
				CLANG_WARN_QUOTED_INCLUDE_IN_FRAMEWORK_HEADER = YES;
				CLANG_WARN_RANGE_LOOP_ANALYSIS = YES;
				CLANG_WARN_STRICT_PROTOTYPES = YES;
				CLANG_WARN_SUSPICIOUS_MOVE = YES;
				CLANG_WARN_UNGUARDED_AVAILABILITY = YES_AGGRESSIVE;
				CLANG_WARN_UNREACHABLE_CODE = YES;
				CLANG_WARN__DUPLICATE_METHOD_MATCH = YES;
				COPY_PHASE_STRIP = NO;
				DEBUG_INFORMATION_FORMAT = "dwarf-with-dsym";
				ENABLE_NS_ASSERTIONS = NO;
				ENABLE_STRICT_OBJC_MSGSEND = YES;
				GCC_C_LANGUAGE_STANDARD = gnu11;
				GCC_NO_COMMON_BLOCKS = YES;
				GCC_WARN_64_TO_32_BIT_CONVERSION = YES;
				GCC_WARN_ABOUT_RETURN_TYPE = YES_ERROR;
				GCC_WARN_UNDECLARED_SELECTOR = YES;
				GCC_WARN_UNINITIALIZED_AUTOS = YES_AGGRESSIVE;
				GCC_WARN_UNUSED_FUNCTION = YES;
				GCC_WARN_UNUSED_VARIABLE = YES;
				MTL_ENABLE_DEBUG_INFO = NO;
				MTL_FAST_MATH = YES;
				SWIFT_COMPILATION_MODE = wholemodule;
				SWIFT_OPTIMIZATION_LEVEL = "-O";
			};
			name = Release;
		};
		B8B2F4C02799C2D900A47B4B /* Debug */ = {
			isa = XCBuildConfiguration;
			buildSettings = {
				ASSETCATALOG_COMPILER_APPICON_NAME = AppIcon;
				ASSETCATALOG_COMPILER_GLOBAL_ACCENT_COLOR_NAME = AccentColor;
				CODE_SIGN_STYLE = Automatic;
				CURRENT_PROJECT_VERSION = 1;
				DEVELOPMENT_TEAM = 5MJ295G5NG;
				ENABLE_PREVIEWS = YES;
				GENERATE_INFOPLIST_FILE = YES;
				INFOPLIST_KEY_UIApplicationSceneManifest_Generation = YES;
				INFOPLIST_KEY_UIApplicationSupportsIndirectInputEvents = YES;
				INFOPLIST_KEY_UILaunchScreen_Generation = YES;
				INFOPLIST_KEY_UISupportedInterfaceOrientations_iPad = "UIInterfaceOrientationPortrait UIInterfaceOrientationPortraitUpsideDown UIInterfaceOrientationLandscapeLeft UIInterfaceOrientationLandscapeRight";
				INFOPLIST_KEY_UISupportedInterfaceOrientations_iPhone = "UIInterfaceOrientationPortrait UIInterfaceOrientationLandscapeLeft UIInterfaceOrientationLandscapeRight";
				IPHONEOS_DEPLOYMENT_TARGET = 15.2;
				LD_RUNPATH_SEARCH_PATHS = (
					"$(inherited)",
					"@executable_path/Frameworks",
				);
				MARKETING_VERSION = 1.0;
				PRODUCT_BUNDLE_IDENTIFIER = ca.abdulkhan.Reminders;
				PRODUCT_NAME = Reminders;
				SDKROOT = iphoneos;
				SWIFT_EMIT_LOC_STRINGS = YES;
				SWIFT_VERSION = 5.0;
				TARGETED_DEVICE_FAMILY = "1,2";
			};
			name = Debug;
		};
		B8B2F4C12799C2D900A47B4B /* Release */ = {
			isa = XCBuildConfiguration;
			buildSettings = {
				ASSETCATALOG_COMPILER_APPICON_NAME = AppIcon;
				ASSETCATALOG_COMPILER_GLOBAL_ACCENT_COLOR_NAME = AccentColor;
				CODE_SIGN_STYLE = Automatic;
				CURRENT_PROJECT_VERSION = 1;
				DEVELOPMENT_TEAM = 5MJ295G5NG;
				ENABLE_PREVIEWS = YES;
				GENERATE_INFOPLIST_FILE = YES;
				INFOPLIST_KEY_UIApplicationSceneManifest_Generation = YES;
				INFOPLIST_KEY_UIApplicationSupportsIndirectInputEvents = YES;
				INFOPLIST_KEY_UILaunchScreen_Generation = YES;
				INFOPLIST_KEY_UISupportedInterfaceOrientations_iPad = "UIInterfaceOrientationPortrait UIInterfaceOrientationPortraitUpsideDown UIInterfaceOrientationLandscapeLeft UIInterfaceOrientationLandscapeRight";
				INFOPLIST_KEY_UISupportedInterfaceOrientations_iPhone = "UIInterfaceOrientationPortrait UIInterfaceOrientationLandscapeLeft UIInterfaceOrientationLandscapeRight";
				IPHONEOS_DEPLOYMENT_TARGET = 15.2;
				LD_RUNPATH_SEARCH_PATHS = (
					"$(inherited)",
					"@executable_path/Frameworks",
				);
				MARKETING_VERSION = 1.0;
				PRODUCT_BUNDLE_IDENTIFIER = ca.abdulkhan.Reminders;
				PRODUCT_NAME = Reminders;
				SDKROOT = iphoneos;
				SWIFT_EMIT_LOC_STRINGS = YES;
				SWIFT_VERSION = 5.0;
				TARGETED_DEVICE_FAMILY = "1,2";
				VALIDATE_PRODUCT = YES;
			};
			name = Release;
		};
		B8B2F4C32799C2D900A47B4B /* Debug */ = {
			isa = XCBuildConfiguration;
			buildSettings = {
				ASSETCATALOG_COMPILER_APPICON_NAME = AppIcon;
				ASSETCATALOG_COMPILER_GLOBAL_ACCENT_COLOR_NAME = AccentColor;
				CODE_SIGN_ENTITLEMENTS = macOS/macOS.entitlements;
				CODE_SIGN_STYLE = Automatic;
				COMBINE_HIDPI_IMAGES = YES;
				CURRENT_PROJECT_VERSION = 1;
				DEVELOPMENT_TEAM = 5MJ295G5NG;
				ENABLE_HARDENED_RUNTIME = YES;
				ENABLE_PREVIEWS = YES;
				GENERATE_INFOPLIST_FILE = YES;
				INFOPLIST_KEY_NSHumanReadableCopyright = "";
				LD_RUNPATH_SEARCH_PATHS = (
					"$(inherited)",
					"@executable_path/../Frameworks",
				);
				MACOSX_DEPLOYMENT_TARGET = 12.1;
				MARKETING_VERSION = 1.0;
				PRODUCT_BUNDLE_IDENTIFIER = ca.abdulkhan.Reminders;
				PRODUCT_NAME = Reminders;
				SDKROOT = macosx;
				SWIFT_EMIT_LOC_STRINGS = YES;
				SWIFT_VERSION = 5.0;
			};
			name = Debug;
		};
		B8B2F4C42799C2D900A47B4B /* Release */ = {
			isa = XCBuildConfiguration;
			buildSettings = {
				ASSETCATALOG_COMPILER_APPICON_NAME = AppIcon;
				ASSETCATALOG_COMPILER_GLOBAL_ACCENT_COLOR_NAME = AccentColor;
				CODE_SIGN_ENTITLEMENTS = macOS/macOS.entitlements;
				CODE_SIGN_STYLE = Automatic;
				COMBINE_HIDPI_IMAGES = YES;
				CURRENT_PROJECT_VERSION = 1;
				DEVELOPMENT_TEAM = 5MJ295G5NG;
				ENABLE_HARDENED_RUNTIME = YES;
				ENABLE_PREVIEWS = YES;
				GENERATE_INFOPLIST_FILE = YES;
				INFOPLIST_KEY_NSHumanReadableCopyright = "";
				LD_RUNPATH_SEARCH_PATHS = (
					"$(inherited)",
					"@executable_path/../Frameworks",
				);
				MACOSX_DEPLOYMENT_TARGET = 12.1;
				MARKETING_VERSION = 1.0;
				PRODUCT_BUNDLE_IDENTIFIER = ca.abdulkhan.Reminders;
				PRODUCT_NAME = Reminders;
				SDKROOT = macosx;
				SWIFT_EMIT_LOC_STRINGS = YES;
				SWIFT_VERSION = 5.0;
			};
			name = Release;
		};
/* End XCBuildConfiguration section */

/* Begin XCConfigurationList section */
		B8B2F4A52799C2D600A47B4B /* Build configuration list for PBXProject "Reminders" */ = {
			isa = XCConfigurationList;
			buildConfigurations = (
				B8B2F4BD2799C2D900A47B4B /* Debug */,
				B8B2F4BE2799C2D900A47B4B /* Release */,
			);
			defaultConfigurationIsVisible = 0;
			defaultConfigurationName = Release;
		};
		B8B2F4BF2799C2D900A47B4B /* Build configuration list for PBXNativeTarget "Reminders (iOS)" */ = {
			isa = XCConfigurationList;
			buildConfigurations = (
				B8B2F4C02799C2D900A47B4B /* Debug */,
				B8B2F4C12799C2D900A47B4B /* Release */,
			);
			defaultConfigurationIsVisible = 0;
			defaultConfigurationName = Release;
		};
		B8B2F4C22799C2D900A47B4B /* Build configuration list for PBXNativeTarget "Reminders (macOS)" */ = {
			isa = XCConfigurationList;
			buildConfigurations = (
				B8B2F4C32799C2D900A47B4B /* Debug */,
				B8B2F4C42799C2D900A47B4B /* Release */,
			);
			defaultConfigurationIsVisible = 0;
			defaultConfigurationName = Release;
		};
/* End XCConfigurationList section */
	};
	rootObject = B8B2F4A22799C2D600A47B4B /* Project object */;
}
